
Microsoft Visual Studio Solution File, Format Version 11.00
# Visual Studio 2010
Project("{FAE04EC0-301F-11D3-BF4B-00C04F79EFBC}") = "DirectorioInteractivo", "DirectorioInteractivo\DirectorioInteractivo.csproj", "{4C7E8458-5CD5-402B-8B39-EB456DD2F87C}"
EndProject
Project("{FAE04EC0-301F-11D3-BF4B-00C04F79EFBC}") = "DirectorioInteractivoWS", "DirectorioInteractivoWS\DirectorioInteractivoWS.csproj", "{A03AB8BB-52C4-4B85-B810-54FBC5A7F6E0}"
EndProject
Project("{FAE04EC0-301F-11D3-BF4B-00C04F79EFBC}") = "DirectorioInteractivoLogic", "DirectorioInteractivoLogic\DirectorioInteractivoLogic.csproj", "{25D51F5C-3C92-42A6-9190-D94FEAF4C51F}"
EndProject
Global
	GlobalSection(SolutionConfigurationPlatforms) = preSolution
		Debug|Any CPU = Debug|Any CPU
		Release|Any CPU = Release|Any CPU
	EndGlobalSection
	GlobalSection(ProjectConfigurationPlatforms) = postSolution
		{4C7E8458-5CD5-402B-8B39-EB456DD2F87C}.Debug|Any CPU.ActiveCfg = Debug|Any CPU
		{4C7E8458-5CD5-402B-8B39-EB456DD2F87C}.Debug|Any CPU.Build.0 = Debug|Any CPU
		{4C7E8458-5CD5-402B-8B39-EB456DD2F87C}.Release|Any CPU.ActiveCfg = Release|Any CPU
		{4C7E8458-5CD5-402B-8B39-EB456DD2F87C}.Release|Any CPU.Build.0 = Release|Any CPU
		{A03AB8BB-52C4-4B85-B810-54FBC5A7F6E0}.Debug|Any CPU.ActiveCfg = Debug|Any CPU
		{A03AB8BB-52C4-4B85-B810-54FBC5A7F6E0}.Debug|Any CPU.Build.0 = Debug|Any CPU
		{A03AB8BB-52C4-4B85-B810-54FBC5A7F6E0}.Release|Any CPU.ActiveCfg = Release|Any CPU
		{A03AB8BB-52C4-4B85-B810-54FBC5A7F6E0}.Release|Any CPU.Build.0 = Release|Any CPU
		{25D51F5C-3C92-42A6-9190-D94FEAF4C51F}.Debug|Any CPU.ActiveCfg = Debug|Any CPU
		{25D51F5C-3C92-42A6-9190-D94FEAF4C51F}.Debug|Any CPU.Build.0 = Debug|Any CPU
		{25D51F5C-3C92-42A6-9190-D94FEAF4C51F}.Release|Any CPU.ActiveCfg = Release|Any CPU
		{25D51F5C-3C92-42A6-9190-D94FEAF4C51F}.Release|Any CPU.Build.0 = Release|Any CPU
	EndGlobalSection
	GlobalSection(SolutionProperties) = preSolution
		HideSolutionNode = FALSE
	EndGlobalSection
EndGlobal
